
Microsoft Visual Studio Solution File, Format Version 12.00
# Visual Studio Version 16
VisualStudioVersion = 16.0.30225.117
MinimumVisualStudioVersion = 10.0.40219.1
Project("{9A19103F-16F7-4668-BE54-9A1E7A4F7556}") = "CurrencyApp.DAL", "Currency.DAL\CurrencyApp.DAL.csproj", "{3E056541-6F95-4DE8-96EE-3F54D113561C}"
EndProject
Project("{9A19103F-16F7-4668-BE54-9A1E7A4F7556}") = "CurrencyApp.BLL", "Currency.BLL\CurrencyApp.BLL.csproj", "{81AF1C30-1653-4B28-BDF3-BCB6FD64FBC0}"
EndProject
Project("{9A19103F-16F7-4668-BE54-9A1E7A4F7556}") = "CurrencyApp", "Currency\CurrencyApp.csproj", "{E2E7CEE6-7400-4D40-B658-997AC8747DAB}"
	ProjectSection(ProjectDependencies) = postProject
		{81AF1C30-1653-4B28-BDF3-BCB6FD64FBC0} = {81AF1C30-1653-4B28-BDF3-BCB6FD64FBC0}
	EndProjectSection
EndProject
Project("{FAE04EC0-301F-11D3-BF4B-00C04F79EFBC}") = "CurrencyApp.Console", "CurrencyApp.Console\CurrencyApp.Console.csproj", "{01D5936F-D9F0-468B-9F26-C003D7C88A77}"
EndProject
Global
	GlobalSection(SolutionConfigurationPlatforms) = preSolution
		Debug|Any CPU = Debug|Any CPU
		Release|Any CPU = Release|Any CPU
	EndGlobalSection
	GlobalSection(ProjectConfigurationPlatforms) = postSolution
		{3E056541-6F95-4DE8-96EE-3F54D113561C}.Debug|Any CPU.ActiveCfg = Debug|Any CPU
		{3E056541-6F95-4DE8-96EE-3F54D113561C}.Debug|Any CPU.Build.0 = Debug|Any CPU
		{3E056541-6F95-4DE8-96EE-3F54D113561C}.Release|Any CPU.ActiveCfg = Release|Any CPU
		{3E056541-6F95-4DE8-96EE-3F54D113561C}.Release|Any CPU.Build.0 = Release|Any CPU
		{81AF1C30-1653-4B28-BDF3-BCB6FD64FBC0}.Debug|Any CPU.ActiveCfg = Debug|Any CPU
		{81AF1C30-1653-4B28-BDF3-BCB6FD64FBC0}.Debug|Any CPU.Build.0 = Debug|Any CPU
		{81AF1C30-1653-4B28-BDF3-BCB6FD64FBC0}.Release|Any CPU.ActiveCfg = Release|Any CPU
		{81AF1C30-1653-4B28-BDF3-BCB6FD64FBC0}.Release|Any CPU.Build.0 = Release|Any CPU
		{E2E7CEE6-7400-4D40-B658-997AC8747DAB}.Debug|Any CPU.ActiveCfg = Debug|Any CPU
		{E2E7CEE6-7400-4D40-B658-997AC8747DAB}.Debug|Any CPU.Build.0 = Debug|Any CPU
		{E2E7CEE6-7400-4D40-B658-997AC8747DAB}.Release|Any CPU.ActiveCfg = Release|Any CPU
		{E2E7CEE6-7400-4D40-B658-997AC8747DAB}.Release|Any CPU.Build.0 = Release|Any CPU
		{01D5936F-D9F0-468B-9F26-C003D7C88A77}.Debug|Any CPU.ActiveCfg = Debug|Any CPU
		{01D5936F-D9F0-468B-9F26-C003D7C88A77}.Debug|Any CPU.Build.0 = Debug|Any CPU
		{01D5936F-D9F0-468B-9F26-C003D7C88A77}.Release|Any CPU.ActiveCfg = Release|Any CPU
		{01D5936F-D9F0-468B-9F26-C003D7C88A77}.Release|Any CPU.Build.0 = Release|Any CPU
	EndGlobalSection
	GlobalSection(SolutionProperties) = preSolution
		HideSolutionNode = FALSE
	EndGlobalSection
	GlobalSection(ExtensibilityGlobals) = postSolution
		SolutionGuid = {84A574C6-96CB-4901-B011-CFE0F7BAE3B9}
	EndGlobalSection
EndGlobal
